
Microsoft Visual Studio Solution File, Format Version 12.00
Project("{FAE04EC0-301F-11D3-BF4B-00C04F79EFBC}") = "Application.UnitTests", "Application.UnitTests\Application.UnitTests.csproj", "{0B5F69C4-C9F0-4809-8945-4892652D454E}"
EndProject
Project("{FAE04EC0-301F-11D3-BF4B-00C04F79EFBC}") = "WebApi.IntegrationTests", "WebApi.IntegrationTests\WebApi.IntegrationTests.csproj", "{19BC9356-906B-4506-AF95-547A8085315E}"
EndProject
Project("{2150E333-8FDC-42A3-9474-1A3956D46DE8}") = "Core", "Core", "{28B2B861-D792-41DF-831B-240D9C85079C}"
EndProject
Project("{2150E333-8FDC-42A3-9474-1A3956D46DE8}") = "Infrastructure", "Infrastructure", "{09122C7F-6B62-43ED-A94F-D0054B695117}"
EndProject
Project("{2150E333-8FDC-42A3-9474-1A3956D46DE8}") = "Presentation", "Presentation", "{CE6F8C10-62DD-409C-AD44-3C148866146A}"
EndProject
Project("{2150E333-8FDC-42A3-9474-1A3956D46DE8}") = "Tests", "Tests", "{C40B8B4C-EA40-4D03-BACE-9B4C45F3A04D}"
EndProject
Project("{FAE04EC0-301F-11D3-BF4B-00C04F79EFBC}") = "PetFlow.Domain", "Domain\PetFlow.Domain.csproj", "{B02C386C-8AC2-4821-BB8E-CB6B8A6A0168}"
EndProject
Project("{FAE04EC0-301F-11D3-BF4B-00C04F79EFBC}") = "PetFlow.Common", "Common\PetFlow.Common.csproj", "{81176A21-77C5-491E-9FB8-2653C3B31E86}"
EndProject
Project("{FAE04EC0-301F-11D3-BF4B-00C04F79EFBC}") = "PetFlow.Application", "Application\PetFlow.Application.csproj", "{CC51BDBF-BF3D-4E96-976E-752F20E2A883}"
EndProject
Project("{FAE04EC0-301F-11D3-BF4B-00C04F79EFBC}") = "PetFlow.Infrastructure", "Infrastructure\PetFlow.Infrastructure.csproj", "{1B83E7B9-1024-40D4-AF94-9F89BA37D259}"
EndProject
Project("{FAE04EC0-301F-11D3-BF4B-00C04F79EFBC}") = "PetFlow.Persistence", "Persistance\PetFlow.Persistence.csproj", "{2C1C09A5-DEA9-4CE2-BF5B-1645DB1C9A23}"
EndProject
Project("{FAE04EC0-301F-11D3-BF4B-00C04F79EFBC}") = "PetFlow.Api", "PetFlow\PetFlow.Api.csproj", "{3E09BA0D-1E21-491E-9BFC-65482B645D80}"
EndProject
Global
	GlobalSection(SolutionConfigurationPlatforms) = preSolution
		Debug|Any CPU = Debug|Any CPU
		Release|Any CPU = Release|Any CPU
	EndGlobalSection
	GlobalSection(ProjectConfigurationPlatforms) = postSolution
		{0B5F69C4-C9F0-4809-8945-4892652D454E}.Debug|Any CPU.ActiveCfg = Debug|Any CPU
		{0B5F69C4-C9F0-4809-8945-4892652D454E}.Debug|Any CPU.Build.0 = Debug|Any CPU
		{0B5F69C4-C9F0-4809-8945-4892652D454E}.Release|Any CPU.ActiveCfg = Release|Any CPU
		{0B5F69C4-C9F0-4809-8945-4892652D454E}.Release|Any CPU.Build.0 = Release|Any CPU
		{19BC9356-906B-4506-AF95-547A8085315E}.Debug|Any CPU.ActiveCfg = Debug|Any CPU
		{19BC9356-906B-4506-AF95-547A8085315E}.Debug|Any CPU.Build.0 = Debug|Any CPU
		{19BC9356-906B-4506-AF95-547A8085315E}.Release|Any CPU.ActiveCfg = Release|Any CPU
		{19BC9356-906B-4506-AF95-547A8085315E}.Release|Any CPU.Build.0 = Release|Any CPU
		{B02C386C-8AC2-4821-BB8E-CB6B8A6A0168}.Debug|Any CPU.ActiveCfg = Debug|Any CPU
		{B02C386C-8AC2-4821-BB8E-CB6B8A6A0168}.Debug|Any CPU.Build.0 = Debug|Any CPU
		{B02C386C-8AC2-4821-BB8E-CB6B8A6A0168}.Release|Any CPU.ActiveCfg = Release|Any CPU
		{B02C386C-8AC2-4821-BB8E-CB6B8A6A0168}.Release|Any CPU.Build.0 = Release|Any CPU
		{81176A21-77C5-491E-9FB8-2653C3B31E86}.Debug|Any CPU.ActiveCfg = Debug|Any CPU
		{81176A21-77C5-491E-9FB8-2653C3B31E86}.Debug|Any CPU.Build.0 = Debug|Any CPU
		{81176A21-77C5-491E-9FB8-2653C3B31E86}.Release|Any CPU.ActiveCfg = Release|Any CPU
		{81176A21-77C5-491E-9FB8-2653C3B31E86}.Release|Any CPU.Build.0 = Release|Any CPU
		{CC51BDBF-BF3D-4E96-976E-752F20E2A883}.Debug|Any CPU.ActiveCfg = Debug|Any CPU
		{CC51BDBF-BF3D-4E96-976E-752F20E2A883}.Debug|Any CPU.Build.0 = Debug|Any CPU
		{CC51BDBF-BF3D-4E96-976E-752F20E2A883}.Release|Any CPU.ActiveCfg = Release|Any CPU
		{CC51BDBF-BF3D-4E96-976E-752F20E2A883}.Release|Any CPU.Build.0 = Release|Any CPU
		{1B83E7B9-1024-40D4-AF94-9F89BA37D259}.Debug|Any CPU.ActiveCfg = Debug|Any CPU
		{1B83E7B9-1024-40D4-AF94-9F89BA37D259}.Debug|Any CPU.Build.0 = Debug|Any CPU
		{1B83E7B9-1024-40D4-AF94-9F89BA37D259}.Release|Any CPU.ActiveCfg = Release|Any CPU
		{1B83E7B9-1024-40D4-AF94-9F89BA37D259}.Release|Any CPU.Build.0 = Release|Any CPU
		{2C1C09A5-DEA9-4CE2-BF5B-1645DB1C9A23}.Debug|Any CPU.ActiveCfg = Debug|Any CPU
		{2C1C09A5-DEA9-4CE2-BF5B-1645DB1C9A23}.Debug|Any CPU.Build.0 = Debug|Any CPU
		{2C1C09A5-DEA9-4CE2-BF5B-1645DB1C9A23}.Release|Any CPU.ActiveCfg = Release|Any CPU
		{2C1C09A5-DEA9-4CE2-BF5B-1645DB1C9A23}.Release|Any CPU.Build.0 = Release|Any CPU
		{3E09BA0D-1E21-491E-9BFC-65482B645D80}.Debug|Any CPU.ActiveCfg = Debug|Any CPU
		{3E09BA0D-1E21-491E-9BFC-65482B645D80}.Debug|Any CPU.Build.0 = Debug|Any CPU
		{3E09BA0D-1E21-491E-9BFC-65482B645D80}.Release|Any CPU.ActiveCfg = Release|Any CPU
		{3E09BA0D-1E21-491E-9BFC-65482B645D80}.Release|Any CPU.Build.0 = Release|Any CPU
	EndGlobalSection
	GlobalSection(NestedProjects) = preSolution
		{19BC9356-906B-4506-AF95-547A8085315E} = {C40B8B4C-EA40-4D03-BACE-9B4C45F3A04D}
		{0B5F69C4-C9F0-4809-8945-4892652D454E} = {C40B8B4C-EA40-4D03-BACE-9B4C45F3A04D}
		{B02C386C-8AC2-4821-BB8E-CB6B8A6A0168} = {28B2B861-D792-41DF-831B-240D9C85079C}
		{81176A21-77C5-491E-9FB8-2653C3B31E86} = {28B2B861-D792-41DF-831B-240D9C85079C}
		{CC51BDBF-BF3D-4E96-976E-752F20E2A883} = {28B2B861-D792-41DF-831B-240D9C85079C}
		{1B83E7B9-1024-40D4-AF94-9F89BA37D259} = {09122C7F-6B62-43ED-A94F-D0054B695117}
		{2C1C09A5-DEA9-4CE2-BF5B-1645DB1C9A23} = {09122C7F-6B62-43ED-A94F-D0054B695117}
		{3E09BA0D-1E21-491E-9BFC-65482B645D80} = {CE6F8C10-62DD-409C-AD44-3C148866146A}
	EndGlobalSection
EndGlobal
